# @generated - this file is auto-generated by `mise lock` https://mise.en.dev/dev-tools/mise-lock.html

[[tools.node]]
version = "22.7.0"
backend = "core:node"

[tools.node."platforms.linux-arm64"]
checksum = "sha256:46c8ef50c2e02dbc95af0bee8126f648eedd9d0c6a0a2bede1c5ffb82dfd3ea9"
url = "https://nodejs.org/dist/v22.7.0/node-v22.7.0-linux-arm64.tar.gz"

[tools.node."platforms.linux-arm64-musl"]
url = "https://unofficial-builds.nodejs.org/download/release/v22.7.0/node-v22.7.0-linux-arm64-musl.tar.gz"

[tools.node."platforms.linux-x64"]
checksum = "sha256:e5be0590039a0aaf699d6b4f31c780b2a467f7f37e71c20c95364933715daa05"
url = "https://nodejs.org/dist/v22.7.0/node-v22.7.0-linux-x64.tar.gz"

[tools.node."platforms.linux-x64-musl"]
checksum = "sha256:4766a82ff1c9ceebfb5e76b7d17814aa33ad938b60c5f31dad972e036dd8054d"
url = "https://unofficial-builds.nodejs.org/download/release/v22.7.0/node-v22.7.0-linux-x64-musl.tar.gz"

[tools.node."platforms.macos-arm64"]
checksum = "sha256:5c54b08ec6cab6ef1e4e3302e655794f791132e9148dfc7741c5cba4bba1f27b"
url = "https://nodejs.org/dist/v22.7.0/node-v22.7.0-darwin-arm64.tar.gz"

[tools.node."platforms.macos-x64"]
checksum = "sha256:d8d0c2835bad13427cc5a8e1a9aed536f6dd25f3bb55b1f56b027a18d5aa964f"
url = "https://nodejs.org/dist/v22.7.0/node-v22.7.0-darwin-x64.tar.gz"

[tools.node."platforms.windows-x64"]
checksum = "sha256:3fc638727974262b4f65a6b1b43c22fb2d80671cdcb50e1237e0b05d1330aaf7"
url = "https://nodejs.org/dist/v22.7.0/node-v22.7.0-win-x64.zip"
